
Microsoft Visual Studio Solution File, Format Version 12.00
# Visual Studio 14
VisualStudioVersion = 14.0.25420.1
MinimumVisualStudioVersion = 10.0.40219.1
Project("{2150E333-8FDC-42A3-9474-1A3956D46DE8}") = "src", "src", "{32B0B824-592D-4740-AF2B-B692D324C9B4}"
EndProject
Project("{2150E333-8FDC-42A3-9474-1A3956D46DE8}") = "Solution Items", "Solution Items", "{C2FE3092-BC3E-4707-9F83-28646BD02DE9}"
	ProjectSection(SolutionItems) = preProject
		global.json = global.json
	EndProjectSection
EndProject
Project("{8BB2217D-0F2D-49D1-97BC-3654ED321F3B}") = "Fantasy-Football", "src\Fantasy-Football\Fantasy-Football.xproj", "{A2FD87D5-C80B-4497-AAA1-8DC744C3DA25}"
EndProject
Project("{2150E333-8FDC-42A3-9474-1A3956D46DE8}") = "Tests", "Tests", "{F3B41E4F-3C83-4298-9B69-4DFD617C507A}"
EndProject
Project("{8BB2217D-0F2D-49D1-97BC-3654ED321F3B}") = "FantasyFootball.Tests", "FantasyFootball.Tests\FantasyFootball.Tests.xproj", "{EFC0DD55-8445-4D52-A61D-33366272216D}"
EndProject
Global
	GlobalSection(SolutionConfigurationPlatforms) = preSolution
		Debug|Any CPU = Debug|Any CPU
		Release|Any CPU = Release|Any CPU
	EndGlobalSection
	GlobalSection(ProjectConfigurationPlatforms) = postSolution
		{A2FD87D5-C80B-4497-AAA1-8DC744C3DA25}.Debug|Any CPU.ActiveCfg = Debug|Any CPU
		{A2FD87D5-C80B-4497-AAA1-8DC744C3DA25}.Debug|Any CPU.Build.0 = Debug|Any CPU
		{A2FD87D5-C80B-4497-AAA1-8DC744C3DA25}.Release|Any CPU.ActiveCfg = Release|Any CPU
		{A2FD87D5-C80B-4497-AAA1-8DC744C3DA25}.Release|Any CPU.Build.0 = Release|Any CPU
		{EFC0DD55-8445-4D52-A61D-33366272216D}.Debug|Any CPU.ActiveCfg = Debug|Any CPU
		{EFC0DD55-8445-4D52-A61D-33366272216D}.Debug|Any CPU.Build.0 = Debug|Any CPU
		{EFC0DD55-8445-4D52-A61D-33366272216D}.Release|Any CPU.ActiveCfg = Release|Any CPU
		{EFC0DD55-8445-4D52-A61D-33366272216D}.Release|Any CPU.Build.0 = Release|Any CPU
	EndGlobalSection
	GlobalSection(SolutionProperties) = preSolution
		HideSolutionNode = FALSE
	EndGlobalSection
	GlobalSection(NestedProjects) = preSolution
		{A2FD87D5-C80B-4497-AAA1-8DC744C3DA25} = {32B0B824-592D-4740-AF2B-B692D324C9B4}
		{F3B41E4F-3C83-4298-9B69-4DFD617C507A} = {C2FE3092-BC3E-4707-9F83-28646BD02DE9}
		{EFC0DD55-8445-4D52-A61D-33366272216D} = {F3B41E4F-3C83-4298-9B69-4DFD617C507A}
	EndGlobalSection
EndGlobal
